
Microsoft Visual Studio Solution File, Format Version 12.00
# Visual Studio 15
Project("{2150E333-8FDC-42A3-9474-1A3956D46DE8}") = "ContactManager", "ContactManager", "{2990F3C3-BA7A-4EF2-B65B-32228C27E2F8}"
EndProject
Project("{2150E333-8FDC-42A3-9474-1A3956D46DE8}") = "DataStructures", "DataStructures", "{0281F409-3DF4-43AB-97D7-C842D94418C9}"
EndProject
Project("{2150E333-8FDC-42A3-9474-1A3956D46DE8}") = "ContactManager_Array", "ContactManager_Array", "{C9A2DC88-E1E4-4492-B0B9-312F02CA30CB}"
EndProject
Project("{2150E333-8FDC-42A3-9474-1A3956D46DE8}") = "ContactManager_SortedList", "ContactManager_SortedList", "{F7CF1001-0BE5-49F6-9483-7698C4AE6210}"
EndProject
Project("{2150E333-8FDC-42A3-9474-1A3956D46DE8}") = "ContactManager_BinaryTree", "ContactManager_BinaryTree", "{F90BEF66-1192-4AC1-BC30-6ADC9F07BEE1}"
EndProject
Project("{2150E333-8FDC-42A3-9474-1A3956D46DE8}") = "ContactManager_HashTable", "ContactManager_HashTable", "{FB32F54E-7BF3-493A-862B-DC84F77DE2EF}"
EndProject
Project("{2150E333-8FDC-42A3-9474-1A3956D46DE8}") = "ContactManager_StackQueue", "ContactManager_StackQueue", "{7F43AEE5-8B79-4E80-B357-5A3C8E3F3110}"
EndProject
Project("{2150E333-8FDC-42A3-9474-1A3956D46DE8}") = "Sorting", "Sorting", "{FA0BB767-D8A2-43FA-8BFD-B498C226C060}"
EndProject
Project("{2150E333-8FDC-42A3-9474-1A3956D46DE8}") = "StringSearching", "StringSearching", "{F26EB79C-6FE2-429F-AC56-987B414D5035}"
EndProject
Project("{2150E333-8FDC-42A3-9474-1A3956D46DE8}") = "BalancedBinaryTrees", "BalancedBinaryTrees", "{FE56091F-5636-4D6A-9E6A-8C2D3C04C630}"
EndProject
Project("{2150E333-8FDC-42A3-9474-1A3956D46DE8}") = "Sets", "Sets", "{B364A5CE-0015-4264-AF79-21DDAD75072F}"
EndProject
Project("{2150E333-8FDC-42A3-9474-1A3956D46DE8}") = "B-Trees", "B-Trees", "{FE3A2ECF-4E2D-4B2F-B3D4-5D78C4A2B02E}"
EndProject
Project("{2150E333-8FDC-42A3-9474-1A3956D46DE8}") = "HeapsAndPriorityQueues", "HeapsAndPriorityQueues", "{B3392EAD-054F-47D0-B148-BBEEB5C8EB47}"
EndProject
Project("{FAE04EC0-301F-11D3-BF4B-00C04F79EFBC}") = "AVLTree", "AlgorithmsAndDataStructures2\AVLTree\AVLTree\AVLTree.csproj", "{1915C0B3-E0F1-4DAD-8BB8-A3E1C56EA9E4}"
EndProject
Project("{FAE04EC0-301F-11D3-BF4B-00C04F79EFBC}") = "AVLTreeTests", "AlgorithmsAndDataStructures2\AVLTree\AVLTreeTests\AVLTreeTests.csproj", "{93BF167D-2989-49FB-9ACA-FAA241541547}"
EndProject
Project("{FAE04EC0-301F-11D3-BF4B-00C04F79EFBC}") = "ads2-m6-btree", "AlgorithmsAndDataStructures2\BTrees\ads2-m6-btree\ads2-m6-btree.csproj", "{0AF0189D-2264-4D6C-A501-1F6A76A3CAD0}"
EndProject
Project("{FAE04EC0-301F-11D3-BF4B-00C04F79EFBC}") = "ads2-m6-btree-tests", "AlgorithmsAndDataStructures2\BTrees\ads2-m6-btree-tests\ads2-m6-btree-tests.csproj", "{4B570895-83A7-45BA-8ED4-A0DD9286B16D}"
EndProject
Project("{FAE04EC0-301F-11D3-BF4B-00C04F79EFBC}") = "cm", "AlgorithmsAndDataStrucutures1\ContactManager\ContactManager_Array\cm\cm.csproj", "{6138A1F3-88C9-4DBD-9C25-4BE288710815}"
EndProject
Project("{FAE04EC0-301F-11D3-BF4B-00C04F79EFBC}") = "ContactManager_Array", "AlgorithmsAndDataStrucutures1\ContactManager\ContactManager_Array\ContactManager_Array\ContactManager_Array.csproj", "{263E7312-2C55-4303-BCDF-DD539B67D361}"
EndProject
Project("{FAE04EC0-301F-11D3-BF4B-00C04F79EFBC}") = "ContactManagerTests_Array", "AlgorithmsAndDataStrucutures1\ContactManager\ContactManager_Array\ContactManagerTests_Array\ContactManagerTests_Array.csproj", "{226778D6-9412-4386-B422-C4ADBC00E755}"
EndProject
Project("{FAE04EC0-301F-11D3-BF4B-00C04F79EFBC}") = "cm", "AlgorithmsAndDataStrucutures1\ContactManager\ContactManager_BinaryTree\cm\cm.csproj", "{23F414BE-A933-4D3D-81EF-47950FE80DFB}"
EndProject
Project("{FAE04EC0-301F-11D3-BF4B-00C04F79EFBC}") = "ContactManager_BinaryTree", "AlgorithmsAndDataStrucutures1\ContactManager\ContactManager_BinaryTree\ContactManager_Tree\ContactManager_BinaryTree.csproj", "{C7734AA8-7AED-4647-94B6-EE6D59A27537}"
EndProject
Project("{FAE04EC0-301F-11D3-BF4B-00C04F79EFBC}") = "ContactManagerTests_BinaryTree", "AlgorithmsAndDataStrucutures1\ContactManager\ContactManager_BinaryTree\ContactManagerTests_Tree\ContactManagerTests_BinaryTree.csproj", "{B5C40B95-4A80-4AEB-B55B-FDADBCBEE5A0}"
EndProject
Project("{FAE04EC0-301F-11D3-BF4B-00C04F79EFBC}") = "cm", "AlgorithmsAndDataStrucutures1\ContactManager\ContactManager_HashTable\cm\cm.csproj", "{395D2929-D3A4-4A5D-AD54-4E00F3FE4D88}"
EndProject
Project("{FAE04EC0-301F-11D3-BF4B-00C04F79EFBC}") = "ContactManager_HashTable", "AlgorithmsAndDataStrucutures1\ContactManager\ContactManager_HashTable\ContactManager_HashTable\ContactManager_HashTable.csproj", "{97ADFE9D-E440-411D-9828-B075EE6E2F6E}"
EndProject
Project("{FAE04EC0-301F-11D3-BF4B-00C04F79EFBC}") = "ContactManagerTests_HashTable", "AlgorithmsAndDataStrucutures1\ContactManager\ContactManager_HashTable\ContactManagerTests_HashTable\ContactManagerTests_HashTable.csproj", "{30813E7D-34B7-4C4A-B82C-18D5CF8F615D}"
EndProject
Project("{FAE04EC0-301F-11D3-BF4B-00C04F79EFBC}") = "cm", "AlgorithmsAndDataStrucutures1\ContactManager\ContactManager_SortedList\cm\cm.csproj", "{E4632725-FBE6-4B00-8CF7-3473AD0F6537}"
EndProject
Project("{FAE04EC0-301F-11D3-BF4B-00C04F79EFBC}") = "ContactManager_List", "AlgorithmsAndDataStrucutures1\ContactManager\ContactManager_SortedList\ContactManager_List\ContactManager_List.csproj", "{A6F78FE9-5CFC-4023-AE0F-0D1826AB149B}"
EndProject
Project("{FAE04EC0-301F-11D3-BF4B-00C04F79EFBC}") = "ContactManagerTests_List", "AlgorithmsAndDataStrucutures1\ContactManager\ContactManager_SortedList\ContactManagerTests_List\ContactManagerTests_List.csproj", "{2757C7FB-0692-4438-8638-FC3E6D3228F2}"
EndProject
Project("{FAE04EC0-301F-11D3-BF4B-00C04F79EFBC}") = "cm", "AlgorithmsAndDataStrucutures1\ContactManager\ContactManager_StackQueue\cm\cm.csproj", "{EC935D7D-DFF8-4495-B9ED-642BC73D1177}"
EndProject
Project("{FAE04EC0-301F-11D3-BF4B-00C04F79EFBC}") = "ContactManager_StackQueue", "AlgorithmsAndDataStrucutures1\ContactManager\ContactManager_StackQueue\ContactManager_StackQueue\ContactManager_StackQueue.csproj", "{80D5B2AE-1B78-406E-9EC3-CC153AEBF9EA}"
EndProject
Project("{FAE04EC0-301F-11D3-BF4B-00C04F79EFBC}") = "ContactManagerTests_StackQueue", "AlgorithmsAndDataStrucutures1\ContactManager\ContactManager_StackQueue\ContactManagerTests_StackQueue\ContactManagerTests_StackQueue.csproj", "{9C9A630F-21A7-47E9-93E1-41F1B7140875}"
EndProject
Project("{FAE04EC0-301F-11D3-BF4B-00C04F79EFBC}") = "DataStructures", "AlgorithmsAndDataStrucutures1\DataStructures\DataStructures\DataStructures.csproj", "{3794D79D-2A06-43C1-B5E0-EAEDEAB6E160}"
EndProject
Project("{FAE04EC0-301F-11D3-BF4B-00C04F79EFBC}") = "DataStructuresTests", "AlgorithmsAndDataStrucutures1\DataStructures\DataStructuresTests\DataStructuresTests.csproj", "{9384D936-D4E4-4178-8E7C-69C93B2113C5}"
EndProject
Project("{FAE04EC0-301F-11D3-BF4B-00C04F79EFBC}") = "ads2-heap", "AlgorithmsAndDataStructures2\Heaps And Priority Queues\ads2-heap\ads2-heap.csproj", "{91CA85A4-78AC-413F-B25F-9205FC211C18}"
EndProject
Project("{FAE04EC0-301F-11D3-BF4B-00C04F79EFBC}") = "ads2-heap-tests", "AlgorithmsAndDataStructures2\Heaps And Priority Queues\ads2-heap-tests\ads2-heap-tests.csproj", "{C682409A-DF5F-4198-891E-64F509E9EFBF}"
EndProject
Project("{FAE04EC0-301F-11D3-BF4B-00C04F79EFBC}") = "TaskScheduler", "AlgorithmsAndDataStructures2\Heaps And Priority Queues\TaskScheduler\TaskScheduler.csproj", "{C7EB5E8A-90D5-4F38-8147-E57AB5C60BA3}"
EndProject
Project("{FAE04EC0-301F-11D3-BF4B-00C04F79EFBC}") = "ads2-m5-sets", "AlgorithmsAndDataStructures2\Sets\ads2-m5-sets\ads2-m5-sets.csproj", "{7722C65F-7DBE-4164-93F7-BEC01B6C473F}"
EndProject
Project("{FAE04EC0-301F-11D3-BF4B-00C04F79EFBC}") = "ads2-set-demo", "AlgorithmsAndDataStructures2\Sets\ads2-set-demo\ads2-set-demo.csproj", "{88D1A767-8994-4A2D-BFB5-3CE3D2FC8D5F}"
EndProject
Project("{FAE04EC0-301F-11D3-BF4B-00C04F79EFBC}") = "set-tests", "AlgorithmsAndDataStructures2\Sets\set-tests\set-tests.csproj", "{32F9F8E8-7DF6-4953-B039-2E5D10D6D468}"
EndProject
Project("{FAE04EC0-301F-11D3-BF4B-00C04F79EFBC}") = "ads2-sorting", "AlgorithmsAndDataStructures2\Sorting\ads2-sorting\ads2-sorting.csproj", "{8D209985-939C-4AC8-B4A3-79EE7DE90EA7}"
EndProject
Project("{FAE04EC0-301F-11D3-BF4B-00C04F79EFBC}") = "ads2-sorting-demo", "AlgorithmsAndDataStructures2\Sorting\ads2-sorting-demo\ads2-sorting-demo.csproj", "{32EE93FA-A66F-4D0C-8A6F-1385A954D1AE}"
EndProject
Project("{FAE04EC0-301F-11D3-BF4B-00C04F79EFBC}") = "ads2-sorting-tests", "AlgorithmsAndDataStructures2\Sorting\ads2-sorting-tests\ads2-sorting-tests.csproj", "{73C720A1-E16B-4A9E-AB1D-2DBA80AB98DA}"
EndProject
Project("{FAE04EC0-301F-11D3-BF4B-00C04F79EFBC}") = "findrep", "AlgorithmsAndDataStructures2\StringSearching\findrep\findrep.csproj", "{207AC68B-870A-4024-A08D-D153948775CF}"
EndProject
Project("{FAE04EC0-301F-11D3-BF4B-00C04F79EFBC}") = "StringSearching", "AlgorithmsAndDataStructures2\StringSearching\StringSearching\StringSearching.csproj", "{BC072005-3E29-4E7A-9AAB-E65ED9BCDB3C}"
EndProject
Project("{FAE04EC0-301F-11D3-BF4B-00C04F79EFBC}") = "StringSearchingTests", "AlgorithmsAndDataStructures2\StringSearching\StringSearchingTests\StringSearchingTests.csproj", "{2BF9E70B-310B-4382-B855-D9E5618982C1}"
EndProject
Project("{2150E333-8FDC-42A3-9474-1A3956D46DE8}") = "Concurrent", "Concurrent", "{88715E1B-809B-4B1A-B4A1-D50E9FD56263}"
EndProject
Project("{FAE04EC0-301F-11D3-BF4B-00C04F79EFBC}") = "Queue.Client", "AlgorithmsAndDataStructures2\Concurrent\Queue.Client\Queue.Client.csproj", "{26B5C959-8A9A-41DD-9A10-18F68FDEEA6C}"
EndProject
Project("{FAE04EC0-301F-11D3-BF4B-00C04F79EFBC}") = "Queue.Client.Locking", "AlgorithmsAndDataStructures2\Concurrent\Queue.Client.Locking\Queue.Client.Locking.csproj", "{D2D991D1-C41B-4321-A8B2-996E1C5E9738}"
EndProject
Project("{FAE04EC0-301F-11D3-BF4B-00C04F79EFBC}") = "Queue.Client.NonLocking", "AlgorithmsAndDataStructures2\Concurrent\Queue.Client.NoLocking\Queue.Client.NonLocking.csproj", "{D2D991D1-C41B-4321-A8B2-996E1C5E9748}"
EndProject
Project("{FAE04EC0-301F-11D3-BF4B-00C04F79EFBC}") = "Queue.Common", "AlgorithmsAndDataStructures2\Concurrent\Queue.Common\Queue.Common.csproj", "{E6346BA0-87B3-440B-A590-54DEB9215FD1}"
EndProject
Project("{FAE04EC0-301F-11D3-BF4B-00C04F79EFBC}") = "Queue.Locking", "AlgorithmsAndDataStructures2\Concurrent\Queue.Locking\Queue.Locking.csproj", "{6F77BBD9-28A8-419E-9275-F0E2C75DE125}"
EndProject
Project("{FAE04EC0-301F-11D3-BF4B-00C04F79EFBC}") = "Queue.NonLocking", "AlgorithmsAndDataStructures2\Concurrent\Queue.NonLocking\Queue.NonLocking.csproj", "{47C1CC18-AE32-4533-8E37-AE19F41B0B66}"
EndProject
Project("{FAE04EC0-301F-11D3-BF4B-00C04F79EFBC}") = "Queue.ReadWriteLock", "AlgorithmsAndDataStructures2\Concurrent\Queue.ReadWriteLock\Queue.ReadWriteLock.csproj", "{8ABD47F6-4F60-478A-8978-0B2E11F41A55}"
EndProject
Global
	GlobalSection(SolutionConfigurationPlatforms) = preSolution
		Debug|Any CPU = Debug|Any CPU
		Release|Any CPU = Release|Any CPU
	EndGlobalSection
	GlobalSection(ProjectConfigurationPlatforms) = postSolution
		{1915C0B3-E0F1-4DAD-8BB8-A3E1C56EA9E4}.Debug|Any CPU.ActiveCfg = Debug|Any CPU
		{1915C0B3-E0F1-4DAD-8BB8-A3E1C56EA9E4}.Debug|Any CPU.Build.0 = Debug|Any CPU
		{1915C0B3-E0F1-4DAD-8BB8-A3E1C56EA9E4}.Release|Any CPU.ActiveCfg = Release|Any CPU
		{1915C0B3-E0F1-4DAD-8BB8-A3E1C56EA9E4}.Release|Any CPU.Build.0 = Release|Any CPU
		{93BF167D-2989-49FB-9ACA-FAA241541547}.Debug|Any CPU.ActiveCfg = Debug|Any CPU
		{93BF167D-2989-49FB-9ACA-FAA241541547}.Debug|Any CPU.Build.0 = Debug|Any CPU
		{93BF167D-2989-49FB-9ACA-FAA241541547}.Release|Any CPU.ActiveCfg = Release|Any CPU
		{93BF167D-2989-49FB-9ACA-FAA241541547}.Release|Any CPU.Build.0 = Release|Any CPU
		{0AF0189D-2264-4D6C-A501-1F6A76A3CAD0}.Debug|Any CPU.ActiveCfg = Debug|Any CPU
		{0AF0189D-2264-4D6C-A501-1F6A76A3CAD0}.Debug|Any CPU.Build.0 = Debug|Any CPU
		{0AF0189D-2264-4D6C-A501-1F6A76A3CAD0}.Release|Any CPU.ActiveCfg = Release|Any CPU
		{0AF0189D-2264-4D6C-A501-1F6A76A3CAD0}.Release|Any CPU.Build.0 = Release|Any CPU
		{4B570895-83A7-45BA-8ED4-A0DD9286B16D}.Debug|Any CPU.ActiveCfg = Debug|Any CPU
		{4B570895-83A7-45BA-8ED4-A0DD9286B16D}.Debug|Any CPU.Build.0 = Debug|Any CPU
		{4B570895-83A7-45BA-8ED4-A0DD9286B16D}.Release|Any CPU.ActiveCfg = Release|Any CPU
		{4B570895-83A7-45BA-8ED4-A0DD9286B16D}.Release|Any CPU.Build.0 = Release|Any CPU
		{6138A1F3-88C9-4DBD-9C25-4BE288710815}.Debug|Any CPU.ActiveCfg = Debug|Any CPU
		{6138A1F3-88C9-4DBD-9C25-4BE288710815}.Debug|Any CPU.Build.0 = Debug|Any CPU
		{6138A1F3-88C9-4DBD-9C25-4BE288710815}.Release|Any CPU.ActiveCfg = Release|Any CPU
		{6138A1F3-88C9-4DBD-9C25-4BE288710815}.Release|Any CPU.Build.0 = Release|Any CPU
		{263E7312-2C55-4303-BCDF-DD539B67D361}.Debug|Any CPU.ActiveCfg = Debug|Any CPU
		{263E7312-2C55-4303-BCDF-DD539B67D361}.Debug|Any CPU.Build.0 = Debug|Any CPU
		{263E7312-2C55-4303-BCDF-DD539B67D361}.Release|Any CPU.ActiveCfg = Release|Any CPU
		{263E7312-2C55-4303-BCDF-DD539B67D361}.Release|Any CPU.Build.0 = Release|Any CPU
		{226778D6-9412-4386-B422-C4ADBC00E755}.Debug|Any CPU.ActiveCfg = Debug|Any CPU
		{226778D6-9412-4386-B422-C4ADBC00E755}.Debug|Any CPU.Build.0 = Debug|Any CPU
		{226778D6-9412-4386-B422-C4ADBC00E755}.Release|Any CPU.ActiveCfg = Release|Any CPU
		{226778D6-9412-4386-B422-C4ADBC00E755}.Release|Any CPU.Build.0 = Release|Any CPU
		{23F414BE-A933-4D3D-81EF-47950FE80DFB}.Debug|Any CPU.ActiveCfg = Debug|Any CPU
		{23F414BE-A933-4D3D-81EF-47950FE80DFB}.Debug|Any CPU.Build.0 = Debug|Any CPU
		{23F414BE-A933-4D3D-81EF-47950FE80DFB}.Release|Any CPU.ActiveCfg = Release|Any CPU
		{23F414BE-A933-4D3D-81EF-47950FE80DFB}.Release|Any CPU.Build.0 = Release|Any CPU
		{C7734AA8-7AED-4647-94B6-EE6D59A27537}.Debug|Any CPU.ActiveCfg = Debug|Any CPU
		{C7734AA8-7AED-4647-94B6-EE6D59A27537}.Debug|Any CPU.Build.0 = Debug|Any CPU
		{C7734AA8-7AED-4647-94B6-EE6D59A27537}.Release|Any CPU.ActiveCfg = Release|Any CPU
		{C7734AA8-7AED-4647-94B6-EE6D59A27537}.Release|Any CPU.Build.0 = Release|Any CPU
		{B5C40B95-4A80-4AEB-B55B-FDADBCBEE5A0}.Debug|Any CPU.ActiveCfg = Debug|Any CPU
		{B5C40B95-4A80-4AEB-B55B-FDADBCBEE5A0}.Debug|Any CPU.Build.0 = Debug|Any CPU
		{B5C40B95-4A80-4AEB-B55B-FDADBCBEE5A0}.Release|Any CPU.ActiveCfg = Release|Any CPU
		{B5C40B95-4A80-4AEB-B55B-FDADBCBEE5A0}.Release|Any CPU.Build.0 = Release|Any CPU
		{395D2929-D3A4-4A5D-AD54-4E00F3FE4D88}.Debug|Any CPU.ActiveCfg = Debug|Any CPU
		{395D2929-D3A4-4A5D-AD54-4E00F3FE4D88}.Debug|Any CPU.Build.0 = Debug|Any CPU
		{395D2929-D3A4-4A5D-AD54-4E00F3FE4D88}.Release|Any CPU.ActiveCfg = Release|Any CPU
		{395D2929-D3A4-4A5D-AD54-4E00F3FE4D88}.Release|Any CPU.Build.0 = Release|Any CPU
		{97ADFE9D-E440-411D-9828-B075EE6E2F6E}.Debug|Any CPU.ActiveCfg = Debug|Any CPU
		{97ADFE9D-E440-411D-9828-B075EE6E2F6E}.Debug|Any CPU.Build.0 = Debug|Any CPU
		{97ADFE9D-E440-411D-9828-B075EE6E2F6E}.Release|Any CPU.ActiveCfg = Release|Any CPU
		{97ADFE9D-E440-411D-9828-B075EE6E2F6E}.Release|Any CPU.Build.0 = Release|Any CPU
		{30813E7D-34B7-4C4A-B82C-18D5CF8F615D}.Debug|Any CPU.ActiveCfg = Debug|Any CPU
		{30813E7D-34B7-4C4A-B82C-18D5CF8F615D}.Debug|Any CPU.Build.0 = Debug|Any CPU
		{30813E7D-34B7-4C4A-B82C-18D5CF8F615D}.Release|Any CPU.ActiveCfg = Release|Any CPU
		{30813E7D-34B7-4C4A-B82C-18D5CF8F615D}.Release|Any CPU.Build.0 = Release|Any CPU
		{E4632725-FBE6-4B00-8CF7-3473AD0F6537}.Debug|Any CPU.ActiveCfg = Debug|Any CPU
		{E4632725-FBE6-4B00-8CF7-3473AD0F6537}.Debug|Any CPU.Build.0 = Debug|Any CPU
		{E4632725-FBE6-4B00-8CF7-3473AD0F6537}.Release|Any CPU.ActiveCfg = Release|Any CPU
		{E4632725-FBE6-4B00-8CF7-3473AD0F6537}.Release|Any CPU.Build.0 = Release|Any CPU
		{A6F78FE9-5CFC-4023-AE0F-0D1826AB149B}.Debug|Any CPU.ActiveCfg = Debug|Any CPU
		{A6F78FE9-5CFC-4023-AE0F-0D1826AB149B}.Debug|Any CPU.Build.0 = Debug|Any CPU
		{A6F78FE9-5CFC-4023-AE0F-0D1826AB149B}.Release|Any CPU.ActiveCfg = Release|Any CPU
		{A6F78FE9-5CFC-4023-AE0F-0D1826AB149B}.Release|Any CPU.Build.0 = Release|Any CPU
		{2757C7FB-0692-4438-8638-FC3E6D3228F2}.Debug|Any CPU.ActiveCfg = Debug|Any CPU
		{2757C7FB-0692-4438-8638-FC3E6D3228F2}.Debug|Any CPU.Build.0 = Debug|Any CPU
		{2757C7FB-0692-4438-8638-FC3E6D3228F2}.Release|Any CPU.ActiveCfg = Release|Any CPU
		{2757C7FB-0692-4438-8638-FC3E6D3228F2}.Release|Any CPU.Build.0 = Release|Any CPU
		{EC935D7D-DFF8-4495-B9ED-642BC73D1177}.Debug|Any CPU.ActiveCfg = Debug|Any CPU
		{EC935D7D-DFF8-4495-B9ED-642BC73D1177}.Debug|Any CPU.Build.0 = Debug|Any CPU
		{EC935D7D-DFF8-4495-B9ED-642BC73D1177}.Release|Any CPU.ActiveCfg = Release|Any CPU
		{EC935D7D-DFF8-4495-B9ED-642BC73D1177}.Release|Any CPU.Build.0 = Release|Any CPU
		{80D5B2AE-1B78-406E-9EC3-CC153AEBF9EA}.Debug|Any CPU.ActiveCfg = Debug|Any CPU
		{80D5B2AE-1B78-406E-9EC3-CC153AEBF9EA}.Debug|Any CPU.Build.0 = Debug|Any CPU
		{80D5B2AE-1B78-406E-9EC3-CC153AEBF9EA}.Release|Any CPU.ActiveCfg = Release|Any CPU
		{80D5B2AE-1B78-406E-9EC3-CC153AEBF9EA}.Release|Any CPU.Build.0 = Release|Any CPU
		{9C9A630F-21A7-47E9-93E1-41F1B7140875}.Debug|Any CPU.ActiveCfg = Debug|Any CPU
		{9C9A630F-21A7-47E9-93E1-41F1B7140875}.Debug|Any CPU.Build.0 = Debug|Any CPU
		{9C9A630F-21A7-47E9-93E1-41F1B7140875}.Release|Any CPU.ActiveCfg = Release|Any CPU
		{9C9A630F-21A7-47E9-93E1-41F1B7140875}.Release|Any CPU.Build.0 = Release|Any CPU
		{3794D79D-2A06-43C1-B5E0-EAEDEAB6E160}.Debug|Any CPU.ActiveCfg = Debug|Any CPU
		{3794D79D-2A06-43C1-B5E0-EAEDEAB6E160}.Debug|Any CPU.Build.0 = Debug|Any CPU
		{3794D79D-2A06-43C1-B5E0-EAEDEAB6E160}.Release|Any CPU.ActiveCfg = Release|Any CPU
		{3794D79D-2A06-43C1-B5E0-EAEDEAB6E160}.Release|Any CPU.Build.0 = Release|Any CPU
		{9384D936-D4E4-4178-8E7C-69C93B2113C5}.Debug|Any CPU.ActiveCfg = Debug|Any CPU
		{9384D936-D4E4-4178-8E7C-69C93B2113C5}.Debug|Any CPU.Build.0 = Debug|Any CPU
		{9384D936-D4E4-4178-8E7C-69C93B2113C5}.Release|Any CPU.ActiveCfg = Release|Any CPU
		{9384D936-D4E4-4178-8E7C-69C93B2113C5}.Release|Any CPU.Build.0 = Release|Any CPU
		{91CA85A4-78AC-413F-B25F-9205FC211C18}.Debug|Any CPU.ActiveCfg = Debug|Any CPU
		{91CA85A4-78AC-413F-B25F-9205FC211C18}.Debug|Any CPU.Build.0 = Debug|Any CPU
		{91CA85A4-78AC-413F-B25F-9205FC211C18}.Release|Any CPU.ActiveCfg = Release|Any CPU
		{91CA85A4-78AC-413F-B25F-9205FC211C18}.Release|Any CPU.Build.0 = Release|Any CPU
		{C682409A-DF5F-4198-891E-64F509E9EFBF}.Debug|Any CPU.ActiveCfg = Debug|Any CPU
		{C682409A-DF5F-4198-891E-64F509E9EFBF}.Debug|Any CPU.Build.0 = Debug|Any CPU
		{C682409A-DF5F-4198-891E-64F509E9EFBF}.Release|Any CPU.ActiveCfg = Release|Any CPU
		{C682409A-DF5F-4198-891E-64F509E9EFBF}.Release|Any CPU.Build.0 = Release|Any CPU
		{C7EB5E8A-90D5-4F38-8147-E57AB5C60BA3}.Debug|Any CPU.ActiveCfg = Debug|Any CPU
		{C7EB5E8A-90D5-4F38-8147-E57AB5C60BA3}.Debug|Any CPU.Build.0 = Debug|Any CPU
		{C7EB5E8A-90D5-4F38-8147-E57AB5C60BA3}.Release|Any CPU.ActiveCfg = Release|Any CPU
		{C7EB5E8A-90D5-4F38-8147-E57AB5C60BA3}.Release|Any CPU.Build.0 = Release|Any CPU
		{7722C65F-7DBE-4164-93F7-BEC01B6C473F}.Debug|Any CPU.ActiveCfg = Debug|Any CPU
		{7722C65F-7DBE-4164-93F7-BEC01B6C473F}.Debug|Any CPU.Build.0 = Debug|Any CPU
		{7722C65F-7DBE-4164-93F7-BEC01B6C473F}.Release|Any CPU.ActiveCfg = Release|Any CPU
		{7722C65F-7DBE-4164-93F7-BEC01B6C473F}.Release|Any CPU.Build.0 = Release|Any CPU
		{88D1A767-8994-4A2D-BFB5-3CE3D2FC8D5F}.Debug|Any CPU.ActiveCfg = Debug|Any CPU
		{88D1A767-8994-4A2D-BFB5-3CE3D2FC8D5F}.Debug|Any CPU.Build.0 = Debug|Any CPU
		{88D1A767-8994-4A2D-BFB5-3CE3D2FC8D5F}.Release|Any CPU.ActiveCfg = Release|Any CPU
		{88D1A767-8994-4A2D-BFB5-3CE3D2FC8D5F}.Release|Any CPU.Build.0 = Release|Any CPU
		{32F9F8E8-7DF6-4953-B039-2E5D10D6D468}.Debug|Any CPU.ActiveCfg = Debug|Any CPU
		{32F9F8E8-7DF6-4953-B039-2E5D10D6D468}.Debug|Any CPU.Build.0 = Debug|Any CPU
		{32F9F8E8-7DF6-4953-B039-2E5D10D6D468}.Release|Any CPU.ActiveCfg = Release|Any CPU
		{32F9F8E8-7DF6-4953-B039-2E5D10D6D468}.Release|Any CPU.Build.0 = Release|Any CPU
		{8D209985-939C-4AC8-B4A3-79EE7DE90EA7}.Debug|Any CPU.ActiveCfg = Debug|Any CPU
		{8D209985-939C-4AC8-B4A3-79EE7DE90EA7}.Debug|Any CPU.Build.0 = Debug|Any CPU
		{8D209985-939C-4AC8-B4A3-79EE7DE90EA7}.Release|Any CPU.ActiveCfg = Release|Any CPU
		{8D209985-939C-4AC8-B4A3-79EE7DE90EA7}.Release|Any CPU.Build.0 = Release|Any CPU
		{32EE93FA-A66F-4D0C-8A6F-1385A954D1AE}.Debug|Any CPU.ActiveCfg = Debug|Any CPU
		{32EE93FA-A66F-4D0C-8A6F-1385A954D1AE}.Debug|Any CPU.Build.0 = Debug|Any CPU
		{32EE93FA-A66F-4D0C-8A6F-1385A954D1AE}.Release|Any CPU.ActiveCfg = Release|Any CPU
		{32EE93FA-A66F-4D0C-8A6F-1385A954D1AE}.Release|Any CPU.Build.0 = Release|Any CPU
		{73C720A1-E16B-4A9E-AB1D-2DBA80AB98DA}.Debug|Any CPU.ActiveCfg = Debug|Any CPU
		{73C720A1-E16B-4A9E-AB1D-2DBA80AB98DA}.Debug|Any CPU.Build.0 = Debug|Any CPU
		{73C720A1-E16B-4A9E-AB1D-2DBA80AB98DA}.Release|Any CPU.ActiveCfg = Release|Any CPU
		{73C720A1-E16B-4A9E-AB1D-2DBA80AB98DA}.Release|Any CPU.Build.0 = Release|Any CPU
		{207AC68B-870A-4024-A08D-D153948775CF}.Debug|Any CPU.ActiveCfg = Debug|Any CPU
		{207AC68B-870A-4024-A08D-D153948775CF}.Debug|Any CPU.Build.0 = Debug|Any CPU
		{207AC68B-870A-4024-A08D-D153948775CF}.Release|Any CPU.ActiveCfg = Release|Any CPU
		{207AC68B-870A-4024-A08D-D153948775CF}.Release|Any CPU.Build.0 = Release|Any CPU
		{BC072005-3E29-4E7A-9AAB-E65ED9BCDB3C}.Debug|Any CPU.ActiveCfg = Debug|Any CPU
		{BC072005-3E29-4E7A-9AAB-E65ED9BCDB3C}.Debug|Any CPU.Build.0 = Debug|Any CPU
		{BC072005-3E29-4E7A-9AAB-E65ED9BCDB3C}.Release|Any CPU.ActiveCfg = Release|Any CPU
		{BC072005-3E29-4E7A-9AAB-E65ED9BCDB3C}.Release|Any CPU.Build.0 = Release|Any CPU
		{2BF9E70B-310B-4382-B855-D9E5618982C1}.Debug|Any CPU.ActiveCfg = Debug|Any CPU
		{2BF9E70B-310B-4382-B855-D9E5618982C1}.Debug|Any CPU.Build.0 = Debug|Any CPU
		{2BF9E70B-310B-4382-B855-D9E5618982C1}.Release|Any CPU.ActiveCfg = Release|Any CPU
		{2BF9E70B-310B-4382-B855-D9E5618982C1}.Release|Any CPU.Build.0 = Release|Any CPU
		{26B5C959-8A9A-41DD-9A10-18F68FDEEA6C}.Debug|Any CPU.ActiveCfg = Debug|Any CPU
		{26B5C959-8A9A-41DD-9A10-18F68FDEEA6C}.Debug|Any CPU.Build.0 = Debug|Any CPU
		{26B5C959-8A9A-41DD-9A10-18F68FDEEA6C}.Release|Any CPU.ActiveCfg = Release|Any CPU
		{26B5C959-8A9A-41DD-9A10-18F68FDEEA6C}.Release|Any CPU.Build.0 = Release|Any CPU
		{D2D991D1-C41B-4321-A8B2-996E1C5E9738}.Debug|Any CPU.ActiveCfg = Debug|Any CPU
		{D2D991D1-C41B-4321-A8B2-996E1C5E9738}.Debug|Any CPU.Build.0 = Debug|Any CPU
		{D2D991D1-C41B-4321-A8B2-996E1C5E9738}.Release|Any CPU.ActiveCfg = Release|Any CPU
		{D2D991D1-C41B-4321-A8B2-996E1C5E9738}.Release|Any CPU.Build.0 = Release|Any CPU
		{D2D991D1-C41B-4321-A8B2-996E1C5E9748}.Debug|Any CPU.ActiveCfg = Debug|Any CPU
		{D2D991D1-C41B-4321-A8B2-996E1C5E9748}.Debug|Any CPU.Build.0 = Debug|Any CPU
		{D2D991D1-C41B-4321-A8B2-996E1C5E9748}.Release|Any CPU.ActiveCfg = Release|Any CPU
		{D2D991D1-C41B-4321-A8B2-996E1C5E9748}.Release|Any CPU.Build.0 = Release|Any CPU
		{E6346BA0-87B3-440B-A590-54DEB9215FD1}.Debug|Any CPU.ActiveCfg = Debug|Any CPU
		{E6346BA0-87B3-440B-A590-54DEB9215FD1}.Debug|Any CPU.Build.0 = Debug|Any CPU
		{E6346BA0-87B3-440B-A590-54DEB9215FD1}.Release|Any CPU.ActiveCfg = Release|Any CPU
		{E6346BA0-87B3-440B-A590-54DEB9215FD1}.Release|Any CPU.Build.0 = Release|Any CPU
		{6F77BBD9-28A8-419E-9275-F0E2C75DE125}.Debug|Any CPU.ActiveCfg = Debug|Any CPU
		{6F77BBD9-28A8-419E-9275-F0E2C75DE125}.Debug|Any CPU.Build.0 = Debug|Any CPU
		{6F77BBD9-28A8-419E-9275-F0E2C75DE125}.Release|Any CPU.ActiveCfg = Release|Any CPU
		{6F77BBD9-28A8-419E-9275-F0E2C75DE125}.Release|Any CPU.Build.0 = Release|Any CPU
		{47C1CC18-AE32-4533-8E37-AE19F41B0B66}.Debug|Any CPU.ActiveCfg = Debug|Any CPU
		{47C1CC18-AE32-4533-8E37-AE19F41B0B66}.Debug|Any CPU.Build.0 = Debug|Any CPU
		{47C1CC18-AE32-4533-8E37-AE19F41B0B66}.Release|Any CPU.ActiveCfg = Release|Any CPU
		{47C1CC18-AE32-4533-8E37-AE19F41B0B66}.Release|Any CPU.Build.0 = Release|Any CPU
		{8ABD47F6-4F60-478A-8978-0B2E11F41A55}.Debug|Any CPU.ActiveCfg = Debug|Any CPU
		{8ABD47F6-4F60-478A-8978-0B2E11F41A55}.Debug|Any CPU.Build.0 = Debug|Any CPU
		{8ABD47F6-4F60-478A-8978-0B2E11F41A55}.Release|Any CPU.ActiveCfg = Release|Any CPU
		{8ABD47F6-4F60-478A-8978-0B2E11F41A55}.Release|Any CPU.Build.0 = Release|Any CPU
	EndGlobalSection
	GlobalSection(NestedProjects) = preSolution
		{C9A2DC88-E1E4-4492-B0B9-312F02CA30CB} = {2990F3C3-BA7A-4EF2-B65B-32228C27E2F8}
		{F7CF1001-0BE5-49F6-9483-7698C4AE6210} = {2990F3C3-BA7A-4EF2-B65B-32228C27E2F8}
		{F90BEF66-1192-4AC1-BC30-6ADC9F07BEE1} = {2990F3C3-BA7A-4EF2-B65B-32228C27E2F8}
		{FB32F54E-7BF3-493A-862B-DC84F77DE2EF} = {2990F3C3-BA7A-4EF2-B65B-32228C27E2F8}
		{7F43AEE5-8B79-4E80-B357-5A3C8E3F3110} = {2990F3C3-BA7A-4EF2-B65B-32228C27E2F8}
		{1915C0B3-E0F1-4DAD-8BB8-A3E1C56EA9E4} = {FE56091F-5636-4D6A-9E6A-8C2D3C04C630}
		{93BF167D-2989-49FB-9ACA-FAA241541547} = {FE56091F-5636-4D6A-9E6A-8C2D3C04C630}
		{0AF0189D-2264-4D6C-A501-1F6A76A3CAD0} = {FE3A2ECF-4E2D-4B2F-B3D4-5D78C4A2B02E}
		{4B570895-83A7-45BA-8ED4-A0DD9286B16D} = {FE3A2ECF-4E2D-4B2F-B3D4-5D78C4A2B02E}
		{6138A1F3-88C9-4DBD-9C25-4BE288710815} = {C9A2DC88-E1E4-4492-B0B9-312F02CA30CB}
		{263E7312-2C55-4303-BCDF-DD539B67D361} = {C9A2DC88-E1E4-4492-B0B9-312F02CA30CB}
		{226778D6-9412-4386-B422-C4ADBC00E755} = {C9A2DC88-E1E4-4492-B0B9-312F02CA30CB}
		{23F414BE-A933-4D3D-81EF-47950FE80DFB} = {F90BEF66-1192-4AC1-BC30-6ADC9F07BEE1}
		{C7734AA8-7AED-4647-94B6-EE6D59A27537} = {F90BEF66-1192-4AC1-BC30-6ADC9F07BEE1}
		{B5C40B95-4A80-4AEB-B55B-FDADBCBEE5A0} = {F90BEF66-1192-4AC1-BC30-6ADC9F07BEE1}
		{395D2929-D3A4-4A5D-AD54-4E00F3FE4D88} = {FB32F54E-7BF3-493A-862B-DC84F77DE2EF}
		{97ADFE9D-E440-411D-9828-B075EE6E2F6E} = {FB32F54E-7BF3-493A-862B-DC84F77DE2EF}
		{30813E7D-34B7-4C4A-B82C-18D5CF8F615D} = {FB32F54E-7BF3-493A-862B-DC84F77DE2EF}
		{E4632725-FBE6-4B00-8CF7-3473AD0F6537} = {F7CF1001-0BE5-49F6-9483-7698C4AE6210}
		{A6F78FE9-5CFC-4023-AE0F-0D1826AB149B} = {F7CF1001-0BE5-49F6-9483-7698C4AE6210}
		{2757C7FB-0692-4438-8638-FC3E6D3228F2} = {F7CF1001-0BE5-49F6-9483-7698C4AE6210}
		{EC935D7D-DFF8-4495-B9ED-642BC73D1177} = {7F43AEE5-8B79-4E80-B357-5A3C8E3F3110}
		{80D5B2AE-1B78-406E-9EC3-CC153AEBF9EA} = {7F43AEE5-8B79-4E80-B357-5A3C8E3F3110}
		{9C9A630F-21A7-47E9-93E1-41F1B7140875} = {7F43AEE5-8B79-4E80-B357-5A3C8E3F3110}
		{3794D79D-2A06-43C1-B5E0-EAEDEAB6E160} = {0281F409-3DF4-43AB-97D7-C842D94418C9}
		{9384D936-D4E4-4178-8E7C-69C93B2113C5} = {0281F409-3DF4-43AB-97D7-C842D94418C9}
		{91CA85A4-78AC-413F-B25F-9205FC211C18} = {B3392EAD-054F-47D0-B148-BBEEB5C8EB47}
		{C682409A-DF5F-4198-891E-64F509E9EFBF} = {B3392EAD-054F-47D0-B148-BBEEB5C8EB47}
		{C7EB5E8A-90D5-4F38-8147-E57AB5C60BA3} = {B3392EAD-054F-47D0-B148-BBEEB5C8EB47}
		{7722C65F-7DBE-4164-93F7-BEC01B6C473F} = {B364A5CE-0015-4264-AF79-21DDAD75072F}
		{88D1A767-8994-4A2D-BFB5-3CE3D2FC8D5F} = {B364A5CE-0015-4264-AF79-21DDAD75072F}
		{32F9F8E8-7DF6-4953-B039-2E5D10D6D468} = {B364A5CE-0015-4264-AF79-21DDAD75072F}
		{8D209985-939C-4AC8-B4A3-79EE7DE90EA7} = {FA0BB767-D8A2-43FA-8BFD-B498C226C060}
		{32EE93FA-A66F-4D0C-8A6F-1385A954D1AE} = {FA0BB767-D8A2-43FA-8BFD-B498C226C060}
		{73C720A1-E16B-4A9E-AB1D-2DBA80AB98DA} = {FA0BB767-D8A2-43FA-8BFD-B498C226C060}
		{207AC68B-870A-4024-A08D-D153948775CF} = {F26EB79C-6FE2-429F-AC56-987B414D5035}
		{BC072005-3E29-4E7A-9AAB-E65ED9BCDB3C} = {F26EB79C-6FE2-429F-AC56-987B414D5035}
		{2BF9E70B-310B-4382-B855-D9E5618982C1} = {F26EB79C-6FE2-429F-AC56-987B414D5035}
		{26B5C959-8A9A-41DD-9A10-18F68FDEEA6C} = {88715E1B-809B-4B1A-B4A1-D50E9FD56263}
		{D2D991D1-C41B-4321-A8B2-996E1C5E9738} = {88715E1B-809B-4B1A-B4A1-D50E9FD56263}
		{D2D991D1-C41B-4321-A8B2-996E1C5E9748} = {88715E1B-809B-4B1A-B4A1-D50E9FD56263}
		{E6346BA0-87B3-440B-A590-54DEB9215FD1} = {88715E1B-809B-4B1A-B4A1-D50E9FD56263}
		{6F77BBD9-28A8-419E-9275-F0E2C75DE125} = {88715E1B-809B-4B1A-B4A1-D50E9FD56263}
		{47C1CC18-AE32-4533-8E37-AE19F41B0B66} = {88715E1B-809B-4B1A-B4A1-D50E9FD56263}
		{8ABD47F6-4F60-478A-8978-0B2E11F41A55} = {88715E1B-809B-4B1A-B4A1-D50E9FD56263}
	EndGlobalSection
EndGlobal
